
Microsoft Visual Studio Solution File, Format Version 12.00
# Visual Studio 2013
VisualStudioVersion = 12.0.30501.0
MinimumVisualStudioVersion = 10.0.40219.1
Project("{FAE04EC0-301F-11D3-BF4B-00C04F79EFBC}") = "WindowsFormsAsyncExtension", "WindowsFormsAsyncExtension\WindowsFormsAsyncExtension.csproj", "{B8B8C57E-D88A-401D-BB3D-E1F0C5EA0BB5}"
EndProject
Project("{FAE04EC0-301F-11D3-BF4B-00C04F79EFBC}") = "WindowsFormsAsyncExtension.Test", "WindowsFormsAsyncExtension.Test\WindowsFormsAsyncExtension.Test.csproj", "{1ED47D5E-8CA2-4D97-AE6D-CF6483EE74E2}"
EndProject
Global
	GlobalSection(SolutionConfigurationPlatforms) = preSolution
		Debug|Any CPU = Debug|Any CPU
		Release|Any CPU = Release|Any CPU
	EndGlobalSection
	GlobalSection(ProjectConfigurationPlatforms) = postSolution
		{B8B8C57E-D88A-401D-BB3D-E1F0C5EA0BB5}.Debug|Any CPU.ActiveCfg = Debug|Any CPU
		{B8B8C57E-D88A-401D-BB3D-E1F0C5EA0BB5}.Debug|Any CPU.Build.0 = Debug|Any CPU
		{B8B8C57E-D88A-401D-BB3D-E1F0C5EA0BB5}.Release|Any CPU.ActiveCfg = Release|Any CPU
		{B8B8C57E-D88A-401D-BB3D-E1F0C5EA0BB5}.Release|Any CPU.Build.0 = Release|Any CPU
		{1ED47D5E-8CA2-4D97-AE6D-CF6483EE74E2}.Debug|Any CPU.ActiveCfg = Debug|Any CPU
		{1ED47D5E-8CA2-4D97-AE6D-CF6483EE74E2}.Debug|Any CPU.Build.0 = Debug|Any CPU
		{1ED47D5E-8CA2-4D97-AE6D-CF6483EE74E2}.Release|Any CPU.ActiveCfg = Release|Any CPU
		{1ED47D5E-8CA2-4D97-AE6D-CF6483EE74E2}.Release|Any CPU.Build.0 = Release|Any CPU
	EndGlobalSection
	GlobalSection(SolutionProperties) = preSolution
		HideSolutionNode = FALSE
	EndGlobalSection
EndGlobal
